
Microsoft Visual Studio Solution File, Format Version 12.00
# Visual Studio Version 17
VisualStudioVersion = 17.7.34031.279
MinimumVisualStudioVersion = 10.0.40219.1
Project("{FAE04EC0-301F-11D3-BF4B-00C04F79EFBC}") = "notesApp0.2", "notesApp0.2\notesApp0.2.csproj", "{4CD2E83B-32F9-4569-9FCF-EFF6B5EBFA0A}"
EndProject
Global
	GlobalSection(SolutionConfigurationPlatforms) = preSolution
		Debug|Any CPU = Debug|Any CPU
		Release|Any CPU = Release|Any CPU
	EndGlobalSection
	GlobalSection(ProjectConfigurationPlatforms) = postSolution
		{4CD2E83B-32F9-4569-9FCF-EFF6B5EBFA0A}.Debug|Any CPU.ActiveCfg = Debug|Any CPU
		{4CD2E83B-32F9-4569-9FCF-EFF6B5EBFA0A}.Debug|Any CPU.Build.0 = Debug|Any CPU
		{4CD2E83B-32F9-4569-9FCF-EFF6B5EBFA0A}.Release|Any CPU.ActiveCfg = Release|Any CPU
		{4CD2E83B-32F9-4569-9FCF-EFF6B5EBFA0A}.Release|Any CPU.Build.0 = Release|Any CPU
	EndGlobalSection
	GlobalSection(SolutionProperties) = preSolution
		HideSolutionNode = FALSE
	EndGlobalSection
	GlobalSection(ExtensibilityGlobals) = postSolution
		SolutionGuid = {9C41BA2E-1819-4ADD-9BD5-2A27CE81389B}
	EndGlobalSection
EndGlobal
